# This file is autogenerated, do not edit; changes may be undone by the next 'dep ensure'.


[[projects]]
  name = "github.com/codegangsta/negroni"
  packages = ["."]
  revision = "5dbbc83f748fc3ad38585842b0aedab546d0ea1e"
  version = "v0.3.0"

[[projects]]
  name = "github.com/dgrijalva/jwt-go"
  packages = [".","request"]
  revision = "06ea1031745cb8b3dab3f6a236daf2b0aa468b7e"
  version = "v3.2.0"

[solve-meta]
  analyzer-name = "dep"
  analyzer-version = 1
  inputs-digest = "95a9d55e68c552393444ff5ab9c39df408de91c04ff57724540f8262cce4f442"
  solver-name = "gps-cdcl"
  solver-version = 1
